{
  "pins" : [
    {
      "identity" : "anycodable",
      "kind" : "remoteSourceControl",
      "location" : "https://github.com/Flight-School/AnyCodable",
      "state" : {
        "revision" : "862808b2070cd908cb04f9aafe7de83d35f81b05",
        "version" : "0.6.7"
      }
    },
    {
      "identity" : "klaviyo-swift-sdk",
      "kind" : "remoteSourceControl",
      "location" : "https://github.com/klaviyo/klaviyo-swift-sdk",
      "state" : {
        "revision" : "fc3d0849bb8312cdc56ff8bffc55580f13179961",
        "version" : "2.2.1"
      }
    }
  ],
  "version" : 2
}
